
Microsoft Visual Studio Solution File, Format Version 12.00
# Visual Studio Version 17
VisualStudioVersion = 17.5.33502.453
MinimumVisualStudioVersion = 10.0.40219.1
Project("{FAE04EC0-301F-11D3-BF4B-00C04F79EFBC}") = "Calculadora", "Calculadora\Calculadora.csproj", "{DED2B453-4EB9-4688-B520-52C271CE94AA}"
EndProject
Global
	GlobalSection(SolutionConfigurationPlatforms) = preSolution
		Debug|Any CPU = Debug|Any CPU
		Release|Any CPU = Release|Any CPU
	EndGlobalSection
	GlobalSection(ProjectConfigurationPlatforms) = postSolution
		{DED2B453-4EB9-4688-B520-52C271CE94AA}.Debug|Any CPU.ActiveCfg = Debug|Any CPU
		{DED2B453-4EB9-4688-B520-52C271CE94AA}.Debug|Any CPU.Build.0 = Debug|Any CPU
		{DED2B453-4EB9-4688-B520-52C271CE94AA}.Release|Any CPU.ActiveCfg = Release|Any CPU
		{DED2B453-4EB9-4688-B520-52C271CE94AA}.Release|Any CPU.Build.0 = Release|Any CPU
	EndGlobalSection
	GlobalSection(SolutionProperties) = preSolution
		HideSolutionNode = FALSE
	EndGlobalSection
	GlobalSection(ExtensibilityGlobals) = postSolution
		SolutionGuid = {88520EF2-FACC-472F-93F0-C5116AB13EBE}
	EndGlobalSection
EndGlobal
